
Microsoft Visual Studio Solution File, Format Version 12.00
# Visual Studio Version 17
VisualStudioVersion = 17.5.33424.131
MinimumVisualStudioVersion = 10.0.40219.1
Project("{FAE04EC0-301F-11D3-BF4B-00C04F79EFBC}") = "Calculation_1.0", "Calculation_1.0.csproj", "{D80013C4-5896-4157-AA83-11D6695D81CF}"
EndProject
Global
	GlobalSection(SolutionConfigurationPlatforms) = preSolution
		Debug|Any CPU = Debug|Any CPU
		Release|Any CPU = Release|Any CPU
	EndGlobalSection
	GlobalSection(ProjectConfigurationPlatforms) = postSolution
		{D80013C4-5896-4157-AA83-11D6695D81CF}.Debug|Any CPU.ActiveCfg = Debug|Any CPU
		{D80013C4-5896-4157-AA83-11D6695D81CF}.Debug|Any CPU.Build.0 = Debug|Any CPU
		{D80013C4-5896-4157-AA83-11D6695D81CF}.Release|Any CPU.ActiveCfg = Release|Any CPU
		{D80013C4-5896-4157-AA83-11D6695D81CF}.Release|Any CPU.Build.0 = Release|Any CPU
	EndGlobalSection
	GlobalSection(SolutionProperties) = preSolution
		HideSolutionNode = FALSE
	EndGlobalSection
	GlobalSection(ExtensibilityGlobals) = postSolution
		SolutionGuid = {0FCC7925-E2B6-48EB-9967-7DF0A870E277}
	EndGlobalSection
EndGlobal
